title: M+A Hotline (Site wide support block)
author: M+A Hotline
website: https://mahotline.org
phone: (833) 246-2632
summary: Free and confidential support from expert clinicians. M+A does not sell pills.
buttonText: Call or text
resourceIcon: stethoscope
iconColor: green
buttonIcon: phone
buttonUrl:
  discriminant: none
