title: Repro Legal Helpline (Site-wide support block)
author: Repro Legal Helpline
website: https://reprohelpline.org
phone: (844) 868-2812
summary: Connects people to expert lawyers for free and confidential legal information.
buttonText: Call or text
resourceIcon: scale
iconColor: green
buttonIcon: phone
buttonUrl:
  discriminant: none
